// !$*UTF8*$!
{
	archiveVersion = 1;
	classes = {
	};
	objectVersion = 50;
	objects = {

/* Begin PBXBuildFile section */
		BA4452AE23BB650100D4B1DF /* AppDelegate.swift in Sources */ = {isa = PBXBuildFile; fileRef = BA4452AD23BB650100D4B1DF /* AppDelegate.swift */; };
		BA4452B023BB650100D4B1DF /* SceneDelegate.swift in Sources */ = {isa = PBXBuildFile; fileRef = BA4452AF23BB650100D4B1DF /* SceneDelegate.swift */; };
		BA4452B223BB650100D4B1DF /* ContentView.swift in Sources */ = {isa = PBXBuildFile; fileRef = BA4452B123BB650100D4B1DF /* ContentView.swift */; };
		BA4452B423BB650400D4B1DF /* Assets.xcassets in Resources */ = {isa = PBXBuildFile; fileRef = BA4452B323BB650400D4B1DF /* Assets.xcassets */; };
		BA4452B723BB650400D4B1DF /* Preview Assets.xcassets in Resources */ = {isa = PBXBuildFile; fileRef = BA4452B623BB650400D4B1DF /* Preview Assets.xcassets */; };
		BA4452BA23BB650400D4B1DF /* LaunchScreen.storyboard in Resources */ = {isa = PBXBuildFile; fileRef = BA4452B823BB650400D4B1DF /* LaunchScreen.storyboard */; };
/* End PBXBuildFile section */

/* Begin PBXFileReference section */
		BA4452AA23BB650100D4B1DF /* GuessTheFlagSwiftUI.app */ = {isa = PBXFileReference; explicitFileType = wrapper.application; includeInIndex = 0; path = GuessTheFlagSwiftUI.app; sourceTree = BUILT_PRODUCTS_DIR; };
		BA4452AD23BB650100D4B1DF /* AppDelegate.swift */ = {isa = PBXFileReference; lastKnownFileType = sourcecode.swift; path = AppDelegate.swift; sourceTree = "<group>"; };
		BA4452AF23BB650100D4B1DF /* SceneDelegate.swift */ = {isa = PBXFileReference; lastKnownFileType = sourcecode.swift; path = SceneDelegate.swift; sourceTree = "<group>"; };
		BA4452B123BB650100D4B1DF /* ContentView.swift */ = {isa = PBXFileReference; lastKnownFileType = sourcecode.swift; path = ContentView.swift; sourceTree = "<group>"; };
		BA4452B323BB650400D4B1DF /* Assets.xcassets */ = {isa = PBXFileReference; lastKnownFileType = folder.assetcatalog; path = Assets.xcassets; sourceTree = "<group>"; };
		BA4452B623BB650400D4B1DF /* Preview Assets.xcassets */ = {isa = PBXFileReference; lastKnownFileType = folder.assetcatalog; path = "Preview Assets.xcassets"; sourceTree = "<group>"; };
		BA4452B923BB650400D4B1DF /* Base */ = {isa = PBXFileReference; lastKnownFileType = file.storyboard; name = Base; path = Base.lproj/LaunchScreen.storyboard; sourceTree = "<group>"; };
		BA4452BB23BB650400D4B1DF /* Info.plist */ = {isa = PBXFileReference; lastKnownFileType = text.plist.xml; path = Info.plist; sourceTree = "<group>"; };
/* End PBXFileReference section */

/* Begin PBXFrameworksBuildPhase section */
		BA4452A723BB650100D4B1DF /* Frameworks */ = {
			isa = PBXFrameworksBuildPhase;
			buildActionMask = 2147483647;
			files = (
			);
			runOnlyForDeploymentPostprocessing = 0;
		};
/* End PBXFrameworksBuildPhase section */

/* Begin PBXGroup section */
		BA4452A123BB650100D4B1DF = {
			isa = PBXGroup;
			children = (
				BA4452AC23BB650100D4B1DF /* GuessTheFlagSwiftUI */,
				BA4452AB23BB650100D4B1DF /* Products */,
			);
			sourceTree = "<group>";
		};
		BA4452AB23BB650100D4B1DF /* Products */ = {
			isa = PBXGroup;
			children = (
				BA4452AA23BB650100D4B1DF /* GuessTheFlagSwiftUI.app */,
			);
			name = Products;
			sourceTree = "<group>";
		};
		BA4452AC23BB650100D4B1DF /* GuessTheFlagSwiftUI */ = {
			isa = PBXGroup;
			children = (
				BA4452AD23BB650100D4B1DF /* AppDelegate.swift */,
				BA4452AF23BB650100D4B1DF /* SceneDelegate.swift */,
				BA4452B123BB650100D4B1DF /* ContentView.swift */,
				BA4452B323BB650400D4B1DF /* Assets.xcassets */,
				BA4452B823BB650400D4B1DF /* LaunchScreen.storyboard */,
				BA4452BB23BB650400D4B1DF /* Info.plist */,
				BA4452B523BB650400D4B1DF /* Preview Content */,
			);
			path = GuessTheFlagSwiftUI;
			sourceTree = "<group>";
		};
		BA4452B523BB650400D4B1DF /* Preview Content */ = {
			isa = PBXGroup;
			children = (
				BA4452B623BB650400D4B1DF /* Preview Assets.xcassets */,
			);
			path = "Preview Content";
			sourceTree = "<group>";
		};
/* End PBXGroup section */

/* Begin PBXNativeTarget section */
		BA4452A923BB650100D4B1DF /* GuessTheFlagSwiftUI */ = {
			isa = PBXNativeTarget;
			buildConfigurationList = BA4452BE23BB650400D4B1DF /* Build configuration list for PBXNativeTarget "GuessTheFlagSwiftUI" */;
			buildPhases = (
				BA4452A623BB650100D4B1DF /* Sources */,
				BA4452A723BB650100D4B1DF /* Frameworks */,
				BA4452A823BB650100D4B1DF /* Resources */,
			);
			buildRules = (
			);
			dependencies = (
			);
			name = GuessTheFlagSwiftUI;
			productName = GuessTheFlagSwiftUI;
			productReference = BA4452AA23BB650100D4B1DF /* GuessTheFlagSwiftUI.app */;
			productType = "com.apple.product-type.application";
		};
/* End PBXNativeTarget section */

/* Begin PBXProject section */
		BA4452A223BB650100D4B1DF /* Project object */ = {
			isa = PBXProject;
			attributes = {
				LastSwiftUpdateCheck = 1130;
				LastUpgradeCheck = 1130;
				ORGANIZATIONNAME = "Sagun Raj Lage";
				TargetAttributes = {
					BA4452A923BB650100D4B1DF = {
						CreatedOnToolsVersion = 11.3;
					};
				};
			};
			buildConfigurationList = BA4452A523BB650100D4B1DF /* Build configuration list for PBXProject "GuessTheFlagSwiftUI" */;
			compatibilityVersion = "Xcode 9.3";
			developmentRegion = en;
			hasScannedForEncodings = 0;
			knownRegions = (
				en,
				Base,
			);
			mainGroup = BA4452A123BB650100D4B1DF;
			productRefGroup = BA4452AB23BB650100D4B1DF /* Products */;
			projectDirPath = "";
			projectRoot = "";
			targets = (
				BA4452A923BB650100D4B1DF /* GuessTheFlagSwiftUI */,
			);
		};
/* End PBXProject section */

/* Begin PBXResourcesBuildPhase section */
		BA4452A823BB650100D4B1DF /* Resources */ = {
			isa = PBXResourcesBuildPhase;
			buildActionMask = 2147483647;
			files = (
				BA4452BA23BB650400D4B1DF /* LaunchScreen.storyboard in Resources */,
				BA4452B723BB650400D4B1DF /* Preview Assets.xcassets in Resources */,
				BA4452B423BB650400D4B1DF /* Assets.xcassets in Resources */,
			);
			runOnlyForDeploymentPostprocessing = 0;
		};
/* End PBXResourcesBuildPhase section */

/* Begin PBXSourcesBuildPhase section */
		BA4452A623BB650100D4B1DF /* Sources */ = {
			isa = PBXSourcesBuildPhase;
			buildActionMask = 2147483647;
			files = (
				BA4452AE23BB650100D4B1DF /* AppDelegate.swift in Sources */,
				BA4452B023BB650100D4B1DF /* SceneDelegate.swift in Sources */,
				BA4452B223BB650100D4B1DF /* ContentView.swift in Sources */,
			);
			runOnlyForDeploymentPostprocessing = 0;
		};
/* End PBXSourcesBuildPhase section */

/* Begin PBXVariantGroup section */
		BA4452B823BB650400D4B1DF /* LaunchScreen.storyboard */ = {
			isa = PBXVariantGroup;
			children = (
				BA4452B923BB650400D4B1DF /* Base */,
			);
			name = LaunchScreen.storyboard;
			sourceTree = "<group>";
		};
/* End PBXVariantGroup section */

/* Begin XCBuildConfiguration section */
		BA4452BC23BB650400D4B1DF /* Debug */ = {
			isa = XCBuildConfiguration;
			buildSettings = {
				ALWAYS_SEARCH_USER_PATHS = NO;
				CLANG_ANALYZER_NONNULL = YES;
				CLANG_ANALYZER_NUMBER_OBJECT_CONVERSION = YES_AGGRESSIVE;
				CLANG_CXX_LANGUAGE_STANDARD = "gnu++14";
				CLANG_CXX_LIBRARY = "libc++";
				CLANG_ENABLE_MODULES = YES;
				CLANG_ENABLE_OBJC_ARC = YES;
				CLANG_ENABLE_OBJC_WEAK = YES;
				CLANG_WARN_BLOCK_CAPTURE_AUTORELEASING = YES;
				CLANG_WARN_BOOL_CONVERSION = YES;
				CLANG_WARN_COMMA = YES;
				CLANG_WARN_CONSTANT_CONVERSION = YES;
				CLANG_WARN_DEPRECATED_OBJC_IMPLEMENTATIONS = YES;
				CLANG_WARN_DIRECT_OBJC_ISA_USAGE = YES_ERROR;
				CLANG_WARN_DOCUMENTATION_COMMENTS = YES;
				CLANG_WARN_EMPTY_BODY = YES;
				CLANG_WARN_ENUM_CONVERSION = YES;
				CLANG_WARN_INFINITE_RECURSION = YES;
				CLANG_WARN_INT_CONVERSION = YES;
				CLANG_WARN_NON_LITERAL_NULL_CONVERSION = YES;
				CLANG_WARN_OBJC_IMPLICIT_RETAIN_SELF = YES;
				CLANG_WARN_OBJC_LITERAL_CONVERSION = YES;
				CLANG_WARN_OBJC_ROOT_CLASS = YES_ERROR;
				CLANG_WARN_RANGE_LOOP_ANALYSIS = YES;
				CLANG_WARN_STRICT_PROTOTYPES = YES;
				CLANG_WARN_SUSPICIOUS_MOVE = YES;
				CLANG_WARN_UNGUARDED_AVAILABILITY = YES_AGGRESSIVE;
				CLANG_WARN_UNREACHABLE_CODE = YES;
				CLANG_WARN__DUPLICATE_METHOD_MATCH = YES;
				COPY_PHASE_STRIP = NO;
				DEBUG_INFORMATION_FORMAT = dwarf;
				ENABLE_STRICT_OBJC_MSGSEND = YES;
				ENABLE_TESTABILITY = YES;
				GCC_C_LANGUAGE_STANDARD = gnu11;
				GCC_DYNAMIC_NO_PIC = NO;
				GCC_NO_COMMON_BLOCKS = YES;
				GCC_OPTIMIZATION_LEVEL = 0;
				GCC_PREPROCESSOR_DEFINITIONS = (
					"DEBUG=1",
					"$(inherited)",
				);
				GCC_WARN_64_TO_32_BIT_CONVERSION = YES;
				GCC_WARN_ABOUT_RETURN_TYPE = YES_ERROR;
				GCC_WARN_UNDECLARED_SELECTOR = YES;
				GCC_WARN_UNINITIALIZED_AUTOS = YES_AGGRESSIVE;
				GCC_WARN_UNUSED_FUNCTION = YES;
				GCC_WARN_UNUSED_VARIABLE = YES;
				IPHONEOS_DEPLOYMENT_TARGET = 13.2;
				MTL_ENABLE_DEBUG_INFO = INCLUDE_SOURCE;
				MTL_FAST_MATH = YES;
				ONLY_ACTIVE_ARCH = YES;
				SDKROOT = iphoneos;
				SWIFT_ACTIVE_COMPILATION_CONDITIONS = DEBUG;
				SWIFT_OPTIMIZATION_LEVEL = "-Onone";
			};
			name = Debug;
		};
		BA4452BD23BB650400D4B1DF /* Release */ = {
			isa = XCBuildConfiguration;
			buildSettings = {
				ALWAYS_SEARCH_USER_PATHS = NO;
				CLANG_ANALYZER_NONNULL = YES;
				CLANG_ANALYZER_NUMBER_OBJECT_CONVERSION = YES_AGGRESSIVE;
				CLANG_CXX_LANGUAGE_STANDARD = "gnu++14";
				CLANG_CXX_LIBRARY = "libc++";
				CLANG_ENABLE_MODULES = YES;
				CLANG_ENABLE_OBJC_ARC = YES;
				CLANG_ENABLE_OBJC_WEAK = YES;
				CLANG_WARN_BLOCK_CAPTURE_AUTORELEASING = YES;
				CLANG_WARN_BOOL_CONVERSION = YES;
				CLANG_WARN_COMMA = YES;
				CLANG_WARN_CONSTANT_CONVERSION = YES;
				CLANG_WARN_DEPRECATED_OBJC_IMPLEMENTATIONS = YES;
				CLANG_WARN_DIRECT_OBJC_ISA_USAGE = YES_ERROR;
				CLANG_WARN_DOCUMENTATION_COMMENTS = YES;
				CLANG_WARN_EMPTY_BODY = YES;
				CLANG_WARN_ENUM_CONVERSION = YES;
				CLANG_WARN_INFINITE_RECURSION = YES;
				CLANG_WARN_INT_CONVERSION = YES;
				CLANG_WARN_NON_LITERAL_NULL_CONVERSION = YES;
				CLANG_WARN_OBJC_IMPLICIT_RETAIN_SELF = YES;
				CLANG_WARN_OBJC_LITERAL_CONVERSION = YES;
				CLANG_WARN_OBJC_ROOT_CLASS = YES_ERROR;
				CLANG_WARN_RANGE_LOOP_ANALYSIS = YES;
				CLANG_WARN_STRICT_PROTOTYPES = YES;
				CLANG_WARN_SUSPICIOUS_MOVE = YES;
				CLANG_WARN_UNGUARDED_AVAILABILITY = YES_AGGRESSIVE;
				CLANG_WARN_UNREACHABLE_CODE = YES;
				CLANG_WARN__DUPLICATE_METHOD_MATCH = YES;
				COPY_PHASE_STRIP = NO;
				DEBUG_INFORMATION_FORMAT = "dwarf-with-dsym";
				ENABLE_NS_ASSERTIONS = NO;
				ENABLE_STRICT_OBJC_MSGSEND = YES;
				GCC_C_LANGUAGE_STANDARD = gnu11;
				GCC_NO_COMMON_BLOCKS = YES;
				GCC_WARN_64_TO_32_BIT_CONVERSION = YES;
				GCC_WARN_ABOUT_RETURN_TYPE = YES_ERROR;
				GCC_WARN_UNDECLARED_SELECTOR = YES;
				GCC_WARN_UNINITIALIZED_AUTOS = YES_AGGRESSIVE;
				GCC_WARN_UNUSED_FUNCTION = YES;
				GCC_WARN_UNUSED_VARIABLE = YES;
				IPHONEOS_DEPLOYMENT_TARGET = 13.2;
				MTL_ENABLE_DEBUG_INFO = NO;
				MTL_FAST_MATH = YES;
				SDKROOT = iphoneos;
				SWIFT_COMPILATION_MODE = wholemodule;
				SWIFT_OPTIMIZATION_LEVEL = "-O";
				VALIDATE_PRODUCT = YES;
			};
			name = Release;
		};
		BA4452BF23BB650400D4B1DF /* Debug */ = {
			isa = XCBuildConfiguration;
			buildSettings = {
				ASSETCATALOG_COMPILER_APPICON_NAME = AppIcon;
				CODE_SIGN_STYLE = Automatic;
				DEVELOPMENT_ASSET_PATHS = "\"GuessTheFlagSwiftUI/Preview Content\"";
				DEVELOPMENT_TEAM = 4A9G74U4RU;
				ENABLE_PREVIEWS = YES;
				INFOPLIST_FILE = GuessTheFlagSwiftUI/Info.plist;
				LD_RUNPATH_SEARCH_PATHS = (
					"$(inherited)",
					"@executable_path/Frameworks",
				);
				PRODUCT_BUNDLE_IDENTIFIER = np.com.sagunrajlage.GuessTheFlagSwiftUI;
				PRODUCT_NAME = "$(TARGET_NAME)";
				SWIFT_VERSION = 5.0;
				TARGETED_DEVICE_FAMILY = "1,2";
			};
			name = Debug;
		};
		BA4452C023BB650400D4B1DF /* Release */ = {
			isa = XCBuildConfiguration;
			buildSettings = {
				ASSETCATALOG_COMPILER_APPICON_NAME = AppIcon;
				CODE_SIGN_STYLE = Automatic;
				DEVELOPMENT_ASSET_PATHS = "\"GuessTheFlagSwiftUI/Preview Content\"";
				DEVELOPMENT_TEAM = 4A9G74U4RU;
				ENABLE_PREVIEWS = YES;
				INFOPLIST_FILE = GuessTheFlagSwiftUI/Info.plist;
				LD_RUNPATH_SEARCH_PATHS = (
					"$(inherited)",
					"@executable_path/Frameworks",
				);
				PRODUCT_BUNDLE_IDENTIFIER = np.com.sagunrajlage.GuessTheFlagSwiftUI;
				PRODUCT_NAME = "$(TARGET_NAME)";
				SWIFT_VERSION = 5.0;
				TARGETED_DEVICE_FAMILY = "1,2";
			};
			name = Release;
		};
/* End XCBuildConfiguration section */

/* Begin XCConfigurationList section */
		BA4452A523BB650100D4B1DF /* Build configuration list for PBXProject "GuessTheFlagSwiftUI" */ = {
			isa = XCConfigurationList;
			buildConfigurations = (
				BA4452BC23BB650400D4B1DF /* Debug */,
				BA4452BD23BB650400D4B1DF /* Release */,
			);
			defaultConfigurationIsVisible = 0;
			defaultConfigurationName = Release;
		};
		BA4452BE23BB650400D4B1DF /* Build configuration list for PBXNativeTarget "GuessTheFlagSwiftUI" */ = {
			isa = XCConfigurationList;
			buildConfigurations = (
				BA4452BF23BB650400D4B1DF /* Debug */,
				BA4452C023BB650400D4B1DF /* Release */,
			);
			defaultConfigurationIsVisible = 0;
			defaultConfigurationName = Release;
		};
/* End XCConfigurationList section */
	};
	rootObject = BA4452A223BB650100D4B1DF /* Project object */;
}
